
Microsoft Visual Studio Solution File, Format Version 12.00
# Visual Studio Version 17
VisualStudioVersion = 17.4.33205.214
MinimumVisualStudioVersion = 10.0.40219.1
Project("{9A19103F-16F7-4668-BE54-9A1E7A4F7556}") = "BulkyWeb", "BulkyWeb\BulkyWeb.csproj", "{64534AE0-B667-48DC-B46B-33CDF6B83D73}"
EndProject
Project("{FAE04EC0-301F-11D3-BF4B-00C04F79EFBC}") = "Bulky.DataAccess", "Bulky.Data\Bulky.DataAccess.csproj", "{1712EDA1-5538-4A89-B38C-075947F2CEA4}"
EndProject
Project("{FAE04EC0-301F-11D3-BF4B-00C04F79EFBC}") = "Bulky.Models", "Bulky.Models\Bulky.Models.csproj", "{F2FCDE09-6F23-40C7-AA27-09480E7F95EA}"
EndProject
Project("{FAE04EC0-301F-11D3-BF4B-00C04F79EFBC}") = "Bulky.Utility", "Bulky.Utility\Bulky.Utility.csproj", "{818BAD74-0693-423B-8307-3F46AAFBF95F}"
EndProject
Global
	GlobalSection(SolutionConfigurationPlatforms) = preSolution
		Debug|Any CPU = Debug|Any CPU
		Release|Any CPU = Release|Any CPU
	EndGlobalSection
	GlobalSection(ProjectConfigurationPlatforms) = postSolution
		{64534AE0-B667-48DC-B46B-33CDF6B83D73}.Debug|Any CPU.ActiveCfg = Debug|Any CPU
		{64534AE0-B667-48DC-B46B-33CDF6B83D73}.Debug|Any CPU.Build.0 = Debug|Any CPU
		{64534AE0-B667-48DC-B46B-33CDF6B83D73}.Release|Any CPU.ActiveCfg = Release|Any CPU
		{64534AE0-B667-48DC-B46B-33CDF6B83D73}.Release|Any CPU.Build.0 = Release|Any CPU
		{1712EDA1-5538-4A89-B38C-075947F2CEA4}.Debug|Any CPU.ActiveCfg = Debug|Any CPU
		{1712EDA1-5538-4A89-B38C-075947F2CEA4}.Debug|Any CPU.Build.0 = Debug|Any CPU
		{1712EDA1-5538-4A89-B38C-075947F2CEA4}.Release|Any CPU.ActiveCfg = Release|Any CPU
		{1712EDA1-5538-4A89-B38C-075947F2CEA4}.Release|Any CPU.Build.0 = Release|Any CPU
		{F2FCDE09-6F23-40C7-AA27-09480E7F95EA}.Debug|Any CPU.ActiveCfg = Debug|Any CPU
		{F2FCDE09-6F23-40C7-AA27-09480E7F95EA}.Debug|Any CPU.Build.0 = Debug|Any CPU
		{F2FCDE09-6F23-40C7-AA27-09480E7F95EA}.Release|Any CPU.ActiveCfg = Release|Any CPU
		{F2FCDE09-6F23-40C7-AA27-09480E7F95EA}.Release|Any CPU.Build.0 = Release|Any CPU
		{818BAD74-0693-423B-8307-3F46AAFBF95F}.Debug|Any CPU.ActiveCfg = Debug|Any CPU
		{818BAD74-0693-423B-8307-3F46AAFBF95F}.Debug|Any CPU.Build.0 = Debug|Any CPU
		{818BAD74-0693-423B-8307-3F46AAFBF95F}.Release|Any CPU.ActiveCfg = Release|Any CPU
		{818BAD74-0693-423B-8307-3F46AAFBF95F}.Release|Any CPU.Build.0 = Release|Any CPU
	EndGlobalSection
	GlobalSection(SolutionProperties) = preSolution
		HideSolutionNode = FALSE
	EndGlobalSection
	GlobalSection(ExtensibilityGlobals) = postSolution
		SolutionGuid = {07DC6A28-3C5D-419A-A712-338FE45DA342}
	EndGlobalSection
EndGlobal
